# This file is autogenerated, do not edit; changes may be undone by the next 'dep ensure'.


[[projects]]
  branch = "master"
  name = "github.com/jgarff/rpi_ws281x"
  packages = ["golang/ws2811"]
  revision = "81af569adbfd7978caeee12f06eb9863d1e57dc6"

[[projects]]
  branch = "master"
  name = "github.com/jmoiron/jsonq"
  packages = ["."]
  revision = "e874b168d07ecc7808bc950a17998a8aa3141d82"

[solve-meta]
  analyzer-name = "dep"
  analyzer-version = 1
  inputs-digest = "cb17c3c15ff4eca5f4547eb5e2c032909d6e0e8695d27e2607e5315493d5ca52"
  solver-name = "gps-cdcl"
  solver-version = 1
