# This file is autogenerated, do not edit; changes may be undone by the next 'dep ensure'.


[[projects]]
  branch = "master"
  name = "github.com/jmoiron/jsonq"
  packages = ["."]
  revision = "e874b168d07ecc7808bc950a17998a8aa3141d82"

[[projects]]
  branch = "master"
  name = "github.com/mcuadros/go-rpi-ws281x"
  packages = ["."]
  revision = "cbc66f829065010570ef3f5587bbf33474595f67"

[solve-meta]
  analyzer-name = "dep"
  analyzer-version = 1
  inputs-digest = "bff5d45538f63f1b68a9523b346f467151cf0bedba9518c00c1943e35820b5e5"
  solver-name = "gps-cdcl"
  solver-version = 1
